{
    "_readme": [
        "This file locks the dependencies of your project to a known state",
        "Read more about it at https://getcomposer.org/doc/01-basic-usage.md#composer-lock-the-lock-file",
        "This file is @generated automatically"
    ],
    "hash": "3a73138880e91f6fc1ee821a81862126",
    "packages": [
        {
            "name": "skieff/BSA2015-Basket",
            "version": "dev-master",
            "source": {
                "type": "git",
                "url": "https://github.com/skieff/BSA2015-Basket.git",
                "reference": "cfae35561d6d14c92b8592cfb5887ec4816b5d2b"
            },
            "dist": {
                "type": "zip",
                "url": "https://api.github.com/repos/skieff/BSA2015-Basket/zipball/cfae35561d6d14c92b8592cfb5887ec4816b5d2b",
                "reference": "cfae35561d6d14c92b8592cfb5887ec4816b5d2b",
                "shasum": ""
            },
            "require": {
                "php": ">=5.6.0",
                "symfony/yaml": "2.8.x-dev"
            },
            "type": "library",
            "autoload": {
                "psr-4": {
                    "BSA2015\\Basket\\": "src/"
                }
            },
            "authors": [
                {
                    "name": "Sergey Golovin",
                    "email": "skyeff@gmail.com"
                }
            ],
            "description": "Basket library example for BSA2015",
            "support": {
                "source": "https://github.com/skieff/BSA2015-Basket/tree/master",
                "issues": "https://github.com/skieff/BSA2015-Basket/issues"
            },
            "time": "2015-07-11 12:59:35"
        },
        {
            "name": "slim/slim",
            "version": "2.6.2",
            "source": {
                "type": "git",
                "url": "https://github.com/slimphp/Slim.git",
                "reference": "20a02782f76830b67ae56a5c08eb1f563c351a37"
            },
            "dist": {
                "type": "zip",
                "url": "https://api.github.com/repos/slimphp/Slim/zipball/20a02782f76830b67ae56a5c08eb1f563c351a37",
                "reference": "20a02782f76830b67ae56a5c08eb1f563c351a37",
                "shasum": ""
            },
            "require": {
                "php": ">=5.3.0"
            },
            "suggest": {
                "ext-mcrypt": "Required for HTTP cookie encryption"
            },
            "type": "library",
            "autoload": {
                "psr-0": {
                    "Slim": "."
                }
            },
            "notification-url": "https://packagist.org/downloads/",
            "license": [
                "MIT"
            ],
            "authors": [
                {
                    "name": "Josh Lockhart",
                    "email": "info@joshlockhart.com",
                    "homepage": "http://www.joshlockhart.com/"
                }
            ],
            "description": "Slim Framework, a PHP micro framework",
            "homepage": "http://github.com/codeguy/Slim",
            "keywords": [
                "microframework",
                "rest",
                "router"
            ],
            "time": "2015-03-08 18:41:17"
        },
        {
            "name": "symfony/yaml",
            "version": "2.8.x-dev",
            "source": {
                "type": "git",
                "url": "https://github.com/symfony/Yaml.git",
                "reference": "000e7fc2653335cd42c6d21405dac1c74224a387"
            },
            "dist": {
                "type": "zip",
                "url": "https://api.github.com/repos/symfony/Yaml/zipball/000e7fc2653335cd42c6d21405dac1c74224a387",
                "reference": "000e7fc2653335cd42c6d21405dac1c74224a387",
                "shasum": ""
            },
            "require": {
                "php": ">=5.3.9"
            },
            "require-dev": {
                "symfony/phpunit-bridge": "~2.7|~3.0.0"
            },
            "type": "library",
            "extra": {
                "branch-alias": {
                    "dev-master": "2.8-dev"
                }
            },
            "autoload": {
                "psr-4": {
                    "Symfony\\Component\\Yaml\\": ""
                }
            },
            "notification-url": "https://packagist.org/downloads/",
            "license": [
                "MIT"
            ],
            "authors": [
                {
                    "name": "Fabien Potencier",
                    "email": "fabien@symfony.com"
                },
                {
                    "name": "Symfony Community",
                    "homepage": "https://symfony.com/contributors"
                }
            ],
            "description": "Symfony Yaml Component",
            "homepage": "https://symfony.com",
            "time": "2015-07-01 14:16:54"
        }
    ],
    "packages-dev": [],
    "aliases": [],
    "minimum-stability": "dev",
    "stability-flags": {
        "skieff/bsa2015-basket": 20
    },
    "prefer-stable": false,
    "prefer-lowest": false,
    "platform": {
        "php": ">=5.6.0"
    },
    "platform-dev": []
}
